
Microsoft Visual Studio Solution File, Format Version 12.00
# Visual Studio Version 16
VisualStudioVersion = 16.0.29721.120
MinimumVisualStudioVersion = 10.0.40219.1
Project("{FAE04EC0-301F-11D3-BF4B-00C04F79EFBC}") = "GeorgeBot", "GeorgeBot\GeorgeBot.csproj", "{C017E2BE-BF13-47E0-813C-14A333C37B6D}"
EndProject
Global
	GlobalSection(SolutionConfigurationPlatforms) = preSolution
		Debug|Any CPU = Debug|Any CPU
		Release|Any CPU = Release|Any CPU
	EndGlobalSection
	GlobalSection(ProjectConfigurationPlatforms) = postSolution
		{C017E2BE-BF13-47E0-813C-14A333C37B6D}.Debug|Any CPU.ActiveCfg = Debug|Any CPU
		{C017E2BE-BF13-47E0-813C-14A333C37B6D}.Debug|Any CPU.Build.0 = Debug|Any CPU
		{C017E2BE-BF13-47E0-813C-14A333C37B6D}.Release|Any CPU.ActiveCfg = Release|Any CPU
		{C017E2BE-BF13-47E0-813C-14A333C37B6D}.Release|Any CPU.Build.0 = Release|Any CPU
	EndGlobalSection
	GlobalSection(SolutionProperties) = preSolution
		HideSolutionNode = FALSE
	EndGlobalSection
	GlobalSection(ExtensibilityGlobals) = postSolution
		SolutionGuid = {479BDFC8-12C6-4C55-8806-75282099C85C}
	EndGlobalSection
EndGlobal
